
Microsoft Visual Studio Solution File, Format Version 12.00
# Visual Studio Version 16
VisualStudioVersion = 16.0.30804.86
MinimumVisualStudioVersion = 10.0.40219.1
Project("{FAE04EC0-301F-11D3-BF4B-00C04F79EFBC}") = "BikeDemandForecasting", "BikeDemandForecasting.csproj", "{A7CEE34E-FD19-49AD-8785-90CF5B1C1780}"
EndProject
Global
	GlobalSection(SolutionConfigurationPlatforms) = preSolution
		Debug|Any CPU = Debug|Any CPU
		Release|Any CPU = Release|Any CPU
	EndGlobalSection
	GlobalSection(ProjectConfigurationPlatforms) = postSolution
		{A7CEE34E-FD19-49AD-8785-90CF5B1C1780}.Debug|Any CPU.ActiveCfg = Debug|Any CPU
		{A7CEE34E-FD19-49AD-8785-90CF5B1C1780}.Debug|Any CPU.Build.0 = Debug|Any CPU
		{A7CEE34E-FD19-49AD-8785-90CF5B1C1780}.Release|Any CPU.ActiveCfg = Release|Any CPU
		{A7CEE34E-FD19-49AD-8785-90CF5B1C1780}.Release|Any CPU.Build.0 = Release|Any CPU
	EndGlobalSection
	GlobalSection(SolutionProperties) = preSolution
		HideSolutionNode = FALSE
	EndGlobalSection
	GlobalSection(ExtensibilityGlobals) = postSolution
		SolutionGuid = {BF34BAA5-A272-47D8-95AE-42DD7C4F738C}
	EndGlobalSection
EndGlobal
